Microsoft Visual Studio Solution File, Format Version 12.00
# Visual Studio Version 17
VisualStudioVersion = 17.9.34607.119
MinimumVisualStudioVersion = 15.0.26124.0
Project("{9A19103F-16F7-4668-BE54-9A1E7A4F7556}") = "api", "api\api.csproj", "{C41FA1CB-2CF7-43C6-870F-CB0CC3C938A1}"
EndProject
Project("{2150E333-8FDC-42A3-9474-1A3956D46DE8}") = "Solution Items", "Solution Items", "{18F2584B-B780-4E17-A13C-A02000718A87}"
EndProject
Global
	GlobalSection(SolutionConfigurationPlatforms) = preSolution
		Debug|Any CPU = Debug|Any CPU
		Release|Any CPU = Release|Any CPU
	EndGlobalSection
	GlobalSection(ProjectConfigurationPlatforms) = postSolution
		{C41FA1CB-2CF7-43C6-870F-CB0CC3C938A1}.Debug|Any CPU.ActiveCfg = Debug|Any CPU
		{C41FA1CB-2CF7-43C6-870F-CB0CC3C938A1}.Debug|Any CPU.Build.0 = Debug|Any CPU
		{C41FA1CB-2CF7-43C6-870F-CB0CC3C938A1}.Release|Any CPU.ActiveCfg = Release|Any CPU
		{C41FA1CB-2CF7-43C6-870F-CB0CC3C938A1}.Release|Any CPU.Build.0 = Release|Any CPU
	EndGlobalSection
	GlobalSection(SolutionProperties) = preSolution
		HideSolutionNode = FALSE
	EndGlobalSection
	GlobalSection(ExtensibilityGlobals) = postSolution
		SolutionGuid = {DA4E1440-BBAF-42BB-87FE-66C9B3AEE8A6}
	EndGlobalSection
EndGlobal
